
Microsoft Visual Studio Solution File, Format Version 12.00
# Visual Studio 15
VisualStudioVersion = 15.0.26730.15
MinimumVisualStudioVersion = 10.0.40219.1
Project("{FAE04EC0-301F-11D3-BF4B-00C04F79EFBC}") = "TddPractice", "TddPractice.csproj", "{F74800E0-BF5F-49D9-A707-5067463B6FF3}"
EndProject
Project("{FAE04EC0-301F-11D3-BF4B-00C04F79EFBC}") = "TddProjectTests", "TddProjectTests\TddProjectTests.csproj", "{0CD45D5F-463A-4086-B4DA-3C4B6A5F0B42}"
EndProject
Global
	GlobalSection(SolutionConfigurationPlatforms) = preSolution
		Debug|Any CPU = Debug|Any CPU
		Release|Any CPU = Release|Any CPU
	EndGlobalSection
	GlobalSection(ProjectConfigurationPlatforms) = postSolution
		{F74800E0-BF5F-49D9-A707-5067463B6FF3}.Debug|Any CPU.ActiveCfg = Debug|Any CPU
		{F74800E0-BF5F-49D9-A707-5067463B6FF3}.Debug|Any CPU.Build.0 = Debug|Any CPU
		{F74800E0-BF5F-49D9-A707-5067463B6FF3}.Release|Any CPU.ActiveCfg = Release|Any CPU
		{F74800E0-BF5F-49D9-A707-5067463B6FF3}.Release|Any CPU.Build.0 = Release|Any CPU
		{0CD45D5F-463A-4086-B4DA-3C4B6A5F0B42}.Debug|Any CPU.ActiveCfg = Debug|Any CPU
		{0CD45D5F-463A-4086-B4DA-3C4B6A5F0B42}.Debug|Any CPU.Build.0 = Debug|Any CPU
		{0CD45D5F-463A-4086-B4DA-3C4B6A5F0B42}.Release|Any CPU.ActiveCfg = Release|Any CPU
		{0CD45D5F-463A-4086-B4DA-3C4B6A5F0B42}.Release|Any CPU.Build.0 = Release|Any CPU
	EndGlobalSection
	GlobalSection(SolutionProperties) = preSolution
		HideSolutionNode = FALSE
	EndGlobalSection
	GlobalSection(ExtensibilityGlobals) = postSolution
		SolutionGuid = {4B9C2E31-E9DF-4340-9691-36316589FB6A}
	EndGlobalSection
EndGlobal
